
Microsoft Visual Studio Solution File, Format Version 12.00
# Visual Studio 15
VisualStudioVersion = 15.0.27004.2002
MinimumVisualStudioVersion = 10.0.40219.1
Project("{FAE04EC0-301F-11D3-BF4B-00C04F79EFBC}") = "LAB_IO1", "LAB_IO1\LAB_IO1.csproj", "{C6187A5C-F2B0-48C7-AFBB-B8D375746151}"
EndProject
Global
	GlobalSection(SolutionConfigurationPlatforms) = preSolution
		Debug|Any CPU = Debug|Any CPU
		Release|Any CPU = Release|Any CPU
	EndGlobalSection
	GlobalSection(ProjectConfigurationPlatforms) = postSolution
		{C6187A5C-F2B0-48C7-AFBB-B8D375746151}.Debug|Any CPU.ActiveCfg = Debug|Any CPU
		{C6187A5C-F2B0-48C7-AFBB-B8D375746151}.Debug|Any CPU.Build.0 = Debug|Any CPU
		{C6187A5C-F2B0-48C7-AFBB-B8D375746151}.Release|Any CPU.ActiveCfg = Release|Any CPU
		{C6187A5C-F2B0-48C7-AFBB-B8D375746151}.Release|Any CPU.Build.0 = Release|Any CPU
	EndGlobalSection
	GlobalSection(SolutionProperties) = preSolution
		HideSolutionNode = FALSE
	EndGlobalSection
	GlobalSection(ExtensibilityGlobals) = postSolution
		SolutionGuid = {61E67DAF-9190-4137-BF0A-ED24DDCCE1DC}
	EndGlobalSection
EndGlobal
